{
  "name": "atolla-electron-sink",
  "version": "1.0.0",
  "lockfileVersion": 1,
  "requires": true,
  "dependencies": {
    "atolla": {
      "version": "1.0.3",
      "resolved": "https://registry.npmjs.org/atolla/-/atolla-1.0.3.tgz",
      "integrity": "sha512-tAFRAliK7wcOq8ej7LFTFUBgvOnUNQzFAdAV37+2X4w9DIxlvUlI6UPCmPKwmQ33vNN27QOrmMRjyxbTStbMEg==",
      "requires": {
        "tinycolor2": "1.4.1"
      }
    },
    "tinycolor2": {
      "version": "1.4.1",
      "resolved": "https://registry.npmjs.org/tinycolor2/-/tinycolor2-1.4.1.tgz",
      "integrity": "sha1-9PrTM0R7wLB9TcjpIJ2POaisd+g="
    }
  }
}
